
Microsoft Visual Studio Solution File, Format Version 12.00
# Visual Studio Version 16
VisualStudioVersion = 16.0.31624.102
MinimumVisualStudioVersion = 10.0.40219.1
Project("{FAE04EC0-301F-11D3-BF4B-00C04F79EFBC}") = "AltSim", "AltSim\AltSim.csproj", "{AC3DD505-8D4B-462D-AEE7-03FD68DD10F7}"
EndProject
Global
	GlobalSection(SolutionConfigurationPlatforms) = preSolution
		Debug|Any CPU = Debug|Any CPU
		Release|Any CPU = Release|Any CPU
	EndGlobalSection
	GlobalSection(ProjectConfigurationPlatforms) = postSolution
		{AC3DD505-8D4B-462D-AEE7-03FD68DD10F7}.Debug|Any CPU.ActiveCfg = Debug|Any CPU
		{AC3DD505-8D4B-462D-AEE7-03FD68DD10F7}.Debug|Any CPU.Build.0 = Debug|Any CPU
		{AC3DD505-8D4B-462D-AEE7-03FD68DD10F7}.Release|Any CPU.ActiveCfg = Release|Any CPU
		{AC3DD505-8D4B-462D-AEE7-03FD68DD10F7}.Release|Any CPU.Build.0 = Release|Any CPU
	EndGlobalSection
	GlobalSection(SolutionProperties) = preSolution
		HideSolutionNode = FALSE
	EndGlobalSection
	GlobalSection(ExtensibilityGlobals) = postSolution
		SolutionGuid = {56100CFF-CA6F-4038-921A-1395D10612E4}
	EndGlobalSection
EndGlobal
