
Microsoft Visual Studio Solution File, Format Version 12.00
Project("{FAE04EC0-301F-11D3-BF4B-00C04F79EFBC}") = "Foschi", "Foschi\Foschi.csproj", "{7CB1EFBA-006F-487A-B41D-34175009DA00}"
EndProject
Global
	GlobalSection(SolutionConfigurationPlatforms) = preSolution
		Debug|Any CPU = Debug|Any CPU
		Release|Any CPU = Release|Any CPU
	EndGlobalSection
	GlobalSection(ProjectConfigurationPlatforms) = postSolution
		{7CB1EFBA-006F-487A-B41D-34175009DA00}.Debug|Any CPU.ActiveCfg = Debug|Any CPU
		{7CB1EFBA-006F-487A-B41D-34175009DA00}.Debug|Any CPU.Build.0 = Debug|Any CPU
		{7CB1EFBA-006F-487A-B41D-34175009DA00}.Release|Any CPU.ActiveCfg = Release|Any CPU
		{7CB1EFBA-006F-487A-B41D-34175009DA00}.Release|Any CPU.Build.0 = Release|Any CPU
	EndGlobalSection
EndGlobal
